<?xml version="1.0"?>
<CONFIG>
  <ProjectOptions>
    <Version Value="9"/>
    <PathDelim Value="\"/>
    <General>
      <Flags>
        <AlwaysBuild Value="False"/>
        <LRSInOutputDirectory Value="False"/>
      </Flags>
      <SessionStorage Value="InIDEConfig"/>
      <MainUnit Value="0"/>
      <Title Value="Run Lazarus tests"/>
    </General>
    <BuildModes Count="1">
      <Item1 Name="default" Default="True"/>
    </BuildModes>
    <PublishOptions>
      <Version Value="2"/>
      <IncludeFileFilter Value="*.(pas|pp|inc|lfm|lpr|lrs|lpi|lpk|sh|xml)"/>
      <ExcludeFileFilter Value="*.(bak|ppu|ppw|o|so);*~;backup"/>
    </PublishOptions>
    <RunParams>
      <local>
        <FormatVersion Value="1"/>
        <LaunchingApplication PathPlusParams="/usr/X11R6/bin/xterm -T 'Lazarus Run Output' -e $(LazarusDir)/tools/runwait.sh $(TargetCmdLine)"/>
      </local>
    </RunParams>
    <RequiredPackages Count="4">
      <Item1>
        <PackageName Value="LCL"/>
      </Item1>
      <Item2>
        <PackageName Value="FPCUnitTestRunner"/>
      </Item2>
      <Item3>
        <PackageName Value="FCL"/>
      </Item3>
      <Item4>
        <PackageName Value="CodeTools"/>
      </Item4>
    </RequiredPackages>
    <Units Count="12">
      <Unit0>
        <Filename Value="runtestsgui.lpr"/>
        <IsPartOfProject Value="True"/>
        <UnitName Value="runtestsgui"/>
      </Unit0>
      <Unit1>
        <Filename Value="testlpi.pas"/>
        <IsPartOfProject Value="True"/>
        <UnitName Value="TestLpi"/>
      </Unit1>
      <Unit2>
        <Filename Value="testglobals.pas"/>
        <IsPartOfProject Value="True"/>
        <UnitName Value="testglobals"/>
      </Unit2>
      <Unit3>
        <Filename Value="bugs\bug8432.pas"/>
        <IsPartOfProject Value="True"/>
        <UnitName Value="bug8432"/>
      </Unit3>
      <Unit4>
        <Filename Value="bugs\testfileutil.pas"/>
        <IsPartOfProject Value="True"/>
        <UnitName Value="testfileutil"/>
      </Unit4>
      <Unit5>
        <Filename Value="testunits.pas"/>
        <IsPartOfProject Value="True"/>
        <UnitName Value="testunits"/>
      </Unit5>
      <Unit6>
        <Filename Value="bugs\testfileproc.pas"/>
        <IsPartOfProject Value="True"/>
        <UnitName Value="testfileproc"/>
      </Unit6>
      <Unit7>
        <Filename Value="bugtestcase.pas"/>
        <IsPartOfProject Value="True"/>
        <UnitName Value="BugTestCase"/>
      </Unit7>
      <Unit8>
        <Filename Value="lcltests\testpen.pas"/>
        <IsPartOfProject Value="True"/>
        <UnitName Value="TestPen"/>
      </Unit8>
      <Unit9>
        <Filename Value="semiauto\semiautotest.pas"/>
        <IsPartOfProject Value="True"/>
        <UnitName Value="semiautotest"/>
      </Unit9>
      <Unit10>
        <Filename Value="semiauto\idesemiautotests.pas"/>
        <IsPartOfProject Value="True"/>
        <UnitName Value="idesemiautotests"/>
      </Unit10>
      <Unit11>
        <Filename Value="semiauto\lclsemiautotests.pas"/>
        <IsPartOfProject Value="True"/>
        <UnitName Value="lclsemiautotests"/>
      </Unit11>
    </Units>
  </ProjectOptions>
  <CompilerOptions>
    <Version Value="9"/>
    <PathDelim Value="\"/>
    <SearchPaths>
      <OtherUnitFiles Value="bugs;lcltests;semiauto"/>
    </SearchPaths>
    <Parsing>
      <SyntaxOptions>
        <CStyleOperator Value="False"/>
        <UseAnsiStrings Value="False"/>
      </SyntaxOptions>
    </Parsing>
    <Linking>
      <Debugging>
        <UseHeaptrc Value="True"/>
      </Debugging>
    </Linking>
    <Other>
      <CompilerPath Value="$(CompPath)"/>
    </Other>
  </CompilerOptions>
</CONFIG>
