<?xml version="1.0"?>
<CONFIG>
  <ProjectOptions>
    <PathDelim Value="\"/>
    <Version Value="7"/>
    <General>
      <MainUnit Value="0"/>
      <TargetFileExt Value=".exe"/>
      <Icon Value="0"/>
      <UseXPManifest Value="True"/>
      <ActiveEditorIndexAtStart Value="3"/>
    </General>
    <VersionInfo>
      <ProjectVersion Value=""/>
    </VersionInfo>
    <PublishOptions>
      <Version Value="2"/>
      <IgnoreBinaries Value="False"/>
      <IncludeFileFilter Value="*.(pas|pp|inc|lfm|lpr|lrs|lpi|lpk|sh|xml)"/>
      <ExcludeFileFilter Value="*.(bak|ppu|ppw|o|so);*~;backup"/>
    </PublishOptions>
    <RunParams>
      <local>
        <FormatVersion Value="1"/>
        <LaunchingApplication PathPlusParams="/usr/X11R6/bin/xterm -T 'Lazarus Run Output' -e $(LazarusDir)/tools/runwait.sh $(TargetCmdLine)"/>
      </local>
    </RunParams>
    <RequiredPackages Count="2">
      <Item1>
        <PackageName Value="EasyDockMgr"/>
      </Item1>
      <Item2>
        <PackageName Value="LCL"/>
      </Item2>
    </RequiredPackages>
    <Units Count="40">
      <Unit0>
        <Filename Value="MakeSite.lpr"/>
        <IsPartOfProject Value="True"/>
        <UnitName Value="MakeSite"/>
        <CursorPos X="51" Y="18"/>
        <TopLine Value="1"/>
        <UsageCount Value="87"/>
      </Unit0>
      <Unit1>
        <Filename Value="fmastersite.pas"/>
        <IsPartOfProject Value="True"/>
        <ComponentName Value="MasterSite"/>
        <ResourceBaseClass Value="Form"/>
        <UnitName Value="fMasterSite"/>
        <CursorPos X="1" Y="51"/>
        <TopLine Value="23"/>
        <EditorIndex Value="0"/>
        <UsageCount Value="87"/>
        <Loaded Value="True"/>
      </Unit1>
      <Unit2>
        <Filename Value="..\package\umakesite.pas"/>
        <UnitName Value="uMakeSite"/>
        <CursorPos X="1" Y="247"/>
        <TopLine Value="214"/>
        <EditorIndex Value="3"/>
        <UsageCount Value="77"/>
        <Bookmarks Count="2">
          <Item0 X="1" Y="165" ID="1"/>
          <Item1 X="1" Y="275" ID="2"/>
        </Bookmarks>
        <Loaded Value="True"/>
      </Unit2>
      <Unit3>
        <Filename Value="..\..\..\lcl\controls.pp"/>
        <UnitName Value="Controls"/>
        <CursorPos X="15" Y="1242"/>
        <TopLine Value="1218"/>
        <EditorIndex Value="9"/>
        <UsageCount Value="42"/>
        <Loaded Value="True"/>
      </Unit3>
      <Unit4>
        <Filename Value="..\..\..\lcl\extctrls.pp"/>
        <UnitName Value="ExtCtrls"/>
        <CursorPos X="24" Y="1109"/>
        <TopLine Value="1086"/>
        <UsageCount Value="9"/>
      </Unit4>
      <Unit5>
        <Filename Value="..\package\felasticsite.pas"/>
        <ComponentName Value="DockingSite"/>
        <HasResources Value="True"/>
        <ResourceBaseClass Value="Form"/>
        <UnitName Value="fElasticSite"/>
        <CursorPos X="1" Y="82"/>
        <TopLine Value="63"/>
        <UsageCount Value="23"/>
      </Unit5>
      <Unit6>
        <Filename Value="..\..\..\..\..\lazarus\fpc\2.2.4\source\rtl\objpas\classes\classesh.inc"/>
        <CursorPos X="3" Y="1458"/>
        <TopLine Value="1468"/>
        <EditorIndex Value="6"/>
        <UsageCount Value="16"/>
        <Loaded Value="True"/>
      </Unit6>
      <Unit7>
        <Filename Value="fclientform.pas"/>
        <IsPartOfProject Value="True"/>
        <ComponentName Value="ViewWindow"/>
        <HasResources Value="True"/>
        <ResourceBaseClass Value="Form"/>
        <UnitName Value="fClientForm"/>
        <CursorPos X="10" Y="38"/>
        <TopLine Value="12"/>
        <UsageCount Value="87"/>
      </Unit7>
      <Unit8>
        <Filename Value="..\..\..\lcl\include\winapih.inc"/>
        <CursorPos X="10" Y="287"/>
        <TopLine Value="263"/>
        <UsageCount Value="15"/>
      </Unit8>
      <Unit9>
        <Filename Value="..\..\..\lcl\include\intfbaselcl.inc"/>
        <CursorPos X="3" Y="32"/>
        <TopLine Value="29"/>
        <UsageCount Value="15"/>
      </Unit9>
      <Unit10>
        <Filename Value="..\..\..\lcl\include\lclintfh.inc"/>
        <CursorPos X="10" Y="40"/>
        <TopLine Value="16"/>
        <UsageCount Value="15"/>
      </Unit10>
      <Unit11>
        <Filename Value="..\package\easydocksite.pas"/>
        <UnitName Value="EasyDockSite"/>
        <CursorPos X="3" Y="303"/>
        <TopLine Value="301"/>
        <EditorIndex Value="4"/>
        <UsageCount Value="41"/>
        <Loaded Value="True"/>
      </Unit11>
      <Unit12>
        <Filename Value="..\..\..\lcl\forms.pp"/>
        <UnitName Value="Forms"/>
        <CursorPos X="17" Y="647"/>
        <TopLine Value="624"/>
        <EditorIndex Value="1"/>
        <UsageCount Value="37"/>
        <Loaded Value="True"/>
      </Unit12>
      <Unit13>
        <Filename Value="..\..\..\lcl\include\customform.inc"/>
        <CursorPos X="17" Y="1593"/>
        <TopLine Value="1571"/>
        <UsageCount Value="20"/>
      </Unit13>
      <Unit14>
        <Filename Value="..\..\..\..\..\lazarus\fpc\2.2.4\source\rtl\inc\objpash.inc"/>
        <CursorPos X="23" Y="151"/>
        <TopLine Value="128"/>
        <UsageCount Value="6"/>
      </Unit14>
      <Unit15>
        <Filename Value="..\..\..\..\..\lazarus\fpc\2.2.4\source\rtl\objpas\classes\cregist.inc"/>
        <CursorPos X="3" Y="92"/>
        <TopLine Value="88"/>
        <UsageCount Value="6"/>
      </Unit15>
      <Unit16>
        <Filename Value="..\package\dockhandle.pas"/>
        <UnitName Value="DockHandle"/>
        <CursorPos X="20" Y="22"/>
        <TopLine Value="1"/>
        <UsageCount Value="19"/>
      </Unit16>
      <Unit17>
        <Filename Value="..\..\..\lcl\include\customimage.inc"/>
        <CursorPos X="1" Y="1"/>
        <TopLine Value="213"/>
        <UsageCount Value="7"/>
      </Unit17>
      <Unit18>
        <Filename Value="..\package\ffloatingsite.pas"/>
        <ComponentName Value="FloatingSite"/>
        <HasResources Value="True"/>
        <ResourceBaseClass Value="Form"/>
        <UnitName Value="fFloatingSite"/>
        <CursorPos X="1" Y="14"/>
        <TopLine Value="1"/>
        <EditorIndex Value="2"/>
        <UsageCount Value="39"/>
        <Loaded Value="True"/>
      </Unit18>
      <Unit19>
        <Filename Value="..\package\fdockbook.pas"/>
        <ComponentName Value="EasyDockBook"/>
        <HasResources Value="True"/>
        <ResourceBaseClass Value="Form"/>
        <UnitName Value="fDockBook"/>
        <CursorPos X="1" Y="132"/>
        <TopLine Value="121"/>
        <EditorIndex Value="7"/>
        <UsageCount Value="37"/>
        <Loaded Value="True"/>
      </Unit19>
      <Unit20>
        <Filename Value="..\package\easydockmgr.pas"/>
        <UnitName Value="EasyDockMgr"/>
        <CursorPos X="7" Y="10"/>
        <TopLine Value="1"/>
        <UsageCount Value="31"/>
      </Unit20>
      <Unit21>
        <Filename Value="..\package\fpageframe.pas"/>
        <ComponentName Value="PageFrame"/>
        <ResourceBaseClass Value="Frame"/>
        <UnitName Value="fPageFrame"/>
        <CursorPos X="1" Y="311"/>
        <TopLine Value="271"/>
        <UsageCount Value="15"/>
        <Bookmarks Count="1">
          <Item0 X="1" Y="128" ID="1"/>
        </Bookmarks>
      </Unit21>
      <Unit22>
        <Filename Value="..\..\..\lcl\include\customframe.inc"/>
        <CursorPos X="3" Y="177"/>
        <TopLine Value="135"/>
        <UsageCount Value="15"/>
      </Unit22>
      <Unit23>
        <Filename Value="..\..\..\lcl\lcltype.pp"/>
        <UnitName Value="LCLType"/>
        <CursorPos X="3" Y="118"/>
        <TopLine Value="95"/>
        <UsageCount Value="9"/>
      </Unit23>
      <Unit24>
        <Filename Value="..\..\..\lcl\lmessages.pp"/>
        <UnitName Value="LMessages"/>
        <CursorPos X="3" Y="769"/>
        <TopLine Value="746"/>
        <UsageCount Value="9"/>
      </Unit24>
      <Unit25>
        <Filename Value="..\..\..\..\..\lazarus\fpc\2.2.4\source\rtl\objpas\classes\compon.inc"/>
        <CursorPos X="3" Y="161"/>
        <TopLine Value="158"/>
        <UsageCount Value="15"/>
      </Unit25>
      <Unit26>
        <Filename Value="..\..\..\lcl\include\control.inc"/>
        <CursorPos X="3" Y="3876"/>
        <TopLine Value="3836"/>
        <UsageCount Value="25"/>
      </Unit26>
      <Unit27>
        <Filename Value="..\..\..\lcl\include\wincontrol.inc"/>
        <CursorPos X="3" Y="6514"/>
        <TopLine Value="6468"/>
        <UsageCount Value="25"/>
      </Unit27>
      <Unit28>
        <Filename Value="..\..\..\lcl\include\dragdock.inc"/>
        <CursorPos X="10" Y="21"/>
        <TopLine Value="1"/>
        <UsageCount Value="25"/>
      </Unit28>
      <Unit29>
        <Filename Value="..\..\..\lcl\include\dragmanager.inc"/>
        <CursorPos X="1" Y="730"/>
        <TopLine Value="687"/>
        <UsageCount Value="20"/>
      </Unit29>
      <Unit30>
        <Filename Value="..\..\..\lcl\include\application.inc"/>
        <CursorPos X="1" Y="2076"/>
        <TopLine Value="2053"/>
        <EditorIndex Value="8"/>
        <UsageCount Value="22"/>
        <Loaded Value="True"/>
      </Unit30>
      <Unit31>
        <Filename Value="..\..\..\lcl\include\toolbutton.inc"/>
        <CursorPos X="1" Y="700"/>
        <TopLine Value="677"/>
        <UsageCount Value="16"/>
      </Unit31>
      <Unit32>
        <Filename Value="..\..\..\lcl\include\customcontrol.inc"/>
        <CursorPos X="17" Y="113"/>
        <TopLine Value="92"/>
        <UsageCount Value="11"/>
      </Unit32>
      <Unit33>
        <Filename Value="..\package\zoneheader.inc"/>
        <CursorPos X="41" Y="168"/>
        <TopLine Value="145"/>
        <EditorIndex Value="5"/>
        <UsageCount Value="13"/>
        <Loaded Value="True"/>
      </Unit33>
      <Unit34>
        <Filename Value="..\..\..\lcl\lclproc.pas"/>
        <UnitName Value="LCLProc"/>
        <CursorPos X="1" Y="2109"/>
        <TopLine Value="2086"/>
        <EditorIndex Value="10"/>
        <UsageCount Value="12"/>
        <Loaded Value="True"/>
      </Unit34>
      <Unit35>
        <Filename Value="..\..\..\..\..\lazarus\fpc\2.2.4\source\rtl\objpas\sysutils\sysstrh.inc"/>
        <CursorPos X="29" Y="123"/>
        <TopLine Value="123"/>
        <EditorIndex Value="11"/>
        <UsageCount Value="12"/>
        <Loaded Value="True"/>
      </Unit35>
      <Unit36>
        <Filename Value="..\..\..\..\..\lazarus\fpc\2.2.4\source\rtl\objpas\sysutils\sysstr.inc"/>
        <CursorPos X="11" Y="915"/>
        <TopLine Value="914"/>
        <EditorIndex Value="12"/>
        <UsageCount Value="12"/>
        <Loaded Value="True"/>
      </Unit36>
      <Unit37>
        <Filename Value="..\..\..\..\..\lazarus\fpc\2.2.4\source\rtl\objpas\sysutils\sysformt.inc"/>
        <CursorPos X="12" Y="115"/>
        <TopLine Value="97"/>
        <EditorIndex Value="13"/>
        <UsageCount Value="12"/>
        <Loaded Value="True"/>
      </Unit37>
      <Unit38>
        <Filename Value="..\..\..\lcl\ldockctrl.pas"/>
        <UnitName Value="LDockCtrl"/>
        <CursorPos X="1" Y="40"/>
        <TopLine Value="19"/>
        <UsageCount Value="10"/>
      </Unit38>
      <Unit39>
        <Filename Value="..\..\..\components\jcf2\Utils\Delay.pas"/>
        <UnitName Value="Delay"/>
        <CursorPos X="16" Y="62"/>
        <TopLine Value="53"/>
        <UsageCount Value="10"/>
      </Unit39>
    </Units>
    <JumpHistory Count="28" HistoryIndex="26">
      <Position1>
        <Filename Value="..\package\fdockbook.pas"/>
        <Caret Line="143" Column="1" TopLine="119"/>
      </Position1>
      <Position2>
        <Filename Value="..\package\fdockbook.pas"/>
        <Caret Line="144" Column="1" TopLine="120"/>
      </Position2>
      <Position3>
        <Filename Value="..\package\fdockbook.pas"/>
        <Caret Line="145" Column="1" TopLine="121"/>
      </Position3>
      <Position4>
        <Filename Value="..\package\fdockbook.pas"/>
        <Caret Line="146" Column="1" TopLine="122"/>
      </Position4>
      <Position5>
        <Filename Value="..\package\fdockbook.pas"/>
        <Caret Line="147" Column="1" TopLine="123"/>
      </Position5>
      <Position6>
        <Filename Value="..\package\fdockbook.pas"/>
        <Caret Line="148" Column="1" TopLine="124"/>
      </Position6>
      <Position7>
        <Filename Value="..\package\fdockbook.pas"/>
        <Caret Line="143" Column="1" TopLine="119"/>
      </Position7>
      <Position8>
        <Filename Value="..\package\fdockbook.pas"/>
        <Caret Line="151" Column="5" TopLine="119"/>
      </Position8>
      <Position9>
        <Filename Value="..\package\ffloatingsite.pas"/>
        <Caret Line="88" Column="19" TopLine="58"/>
      </Position9>
      <Position10>
        <Filename Value="..\package\ffloatingsite.pas"/>
        <Caret Line="75" Column="1" TopLine="62"/>
      </Position10>
      <Position11>
        <Filename Value="..\package\umakesite.pas"/>
        <Caret Line="374" Column="68" TopLine="351"/>
      </Position11>
      <Position12>
        <Filename Value="..\package\umakesite.pas"/>
        <Caret Line="402" Column="7" TopLine="391"/>
      </Position12>
      <Position13>
        <Filename Value="..\package\umakesite.pas"/>
        <Caret Line="267" Column="18" TopLine="259"/>
      </Position13>
      <Position14>
        <Filename Value="..\package\umakesite.pas"/>
        <Caret Line="165" Column="10" TopLine="143"/>
      </Position14>
      <Position15>
        <Filename Value="..\package\umakesite.pas"/>
        <Caret Line="164" Column="18" TopLine="143"/>
      </Position15>
      <Position16>
        <Filename Value="..\package\umakesite.pas"/>
        <Caret Line="144" Column="52" TopLine="143"/>
      </Position16>
      <Position17>
        <Filename Value="..\package\umakesite.pas"/>
        <Caret Line="62" Column="25" TopLine="44"/>
      </Position17>
      <Position18>
        <Filename Value="..\package\umakesite.pas"/>
        <Caret Line="220" Column="20" TopLine="212"/>
      </Position18>
      <Position19>
        <Filename Value="..\package\umakesite.pas"/>
        <Caret Line="268" Column="24" TopLine="243"/>
      </Position19>
      <Position20>
        <Filename Value="..\package\umakesite.pas"/>
        <Caret Line="327" Column="1" TopLine="281"/>
      </Position20>
      <Position21>
        <Filename Value="..\package\easydocksite.pas"/>
        <Caret Line="558" Column="27" TopLine="521"/>
      </Position21>
      <Position22>
        <Filename Value="..\package\easydocksite.pas"/>
        <Caret Line="240" Column="1" TopLine="225"/>
      </Position22>
      <Position23>
        <Filename Value="..\package\easydocksite.pas"/>
        <Caret Line="278" Column="1" TopLine="254"/>
      </Position23>
      <Position24>
        <Filename Value="..\package\umakesite.pas"/>
        <Caret Line="242" Column="19" TopLine="208"/>
      </Position24>
      <Position25>
        <Filename Value="..\package\umakesite.pas"/>
        <Caret Line="265" Column="1" TopLine="219"/>
      </Position25>
      <Position26>
        <Filename Value="..\package\easydocksite.pas"/>
        <Caret Line="257" Column="25" TopLine="234"/>
      </Position26>
      <Position27>
        <Filename Value="..\package\umakesite.pas"/>
        <Caret Line="247" Column="22" TopLine="213"/>
      </Position27>
      <Position28>
        <Filename Value="..\package\easydocksite.pas"/>
        <Caret Line="303" Column="3" TopLine="301"/>
      </Position28>
    </JumpHistory>
  </ProjectOptions>
  <CompilerOptions>
    <Version Value="8"/>
    <PathDelim Value="\"/>
    <Target>
      <Filename Value="MakeSite"/>
    </Target>
    <SearchPaths>
      <IncludeFiles Value="$(ProjOutDir)\"/>
      <UnitOutputDirectory Value="lib\$(TargetCPU)-$(TargetOS)"/>
    </SearchPaths>
    <Other>
      <CompilerPath Value="$(CompPath)"/>
    </Other>
  </CompilerOptions>
  <Debugging>
    <Exceptions Count="3">
      <Item1>
        <Name Value="EAbort"/>
      </Item1>
      <Item2>
        <Name Value="ECodetoolError"/>
      </Item2>
      <Item3>
        <Name Value="EFOpenError"/>
      </Item3>
    </Exceptions>
  </Debugging>
</CONFIG>
