<?xml version="1.0"?>
<CONFIG>
  <ProjectOptions>
    <Version Value="9"/>
    <General>
      <Flags>
        <MainUnitHasCreateFormStatements Value="False"/>
      </Flags>
      <SessionStorage Value="InIDEConfig"/>
      <MainUnit Value="0"/>
      <Title Value="WikiConvert"/>
      <UseAppBundle Value="False"/>
      <ResourceType Value="res"/>
    </General>
    <i18n>
      <EnableI18N LFM="False"/>
    </i18n>
    <VersionInfo>
      <StringTable ProductVersion=""/>
    </VersionInfo>
    <BuildModes Count="1">
      <Item1 Name="Default" Default="True"/>
    </BuildModes>
    <PublishOptions>
      <Version Value="2"/>
      <IncludeFileFilter Value="*.(pas|pp|inc|lfm|lpr|lrs|lpi|lpk|sh|xml)"/>
      <ExcludeFileFilter Value="*.(bak|ppu|o|so);*~;backup"/>
    </PublishOptions>
    <RunParams>
      <local>
        <FormatVersion Value="1"/>
        <CommandLineParams Value="--format=chm --css=chm/wiki.css  wikixml/Lazarus_Documentation.g400.xml wikixml/*.xml"/>
        <LaunchingApplication PathPlusParams="/usr/bin/xterm -T 'Lazarus Run Output' -e $(LazarusDir)/tools/runwait.sh $(TargetCmdLine)"/>
      </local>
    </RunParams>
    <RequiredPackages Count="3">
      <Item1>
        <PackageName Value="LazWiki"/>
        <DefaultFilename Value="lazwiki/lazwiki.lpk" Prefer="True"/>
      </Item1>
      <Item2>
        <PackageName Value="CodeTools"/>
      </Item2>
      <Item3>
        <PackageName Value="LazUtils"/>
      </Item3>
    </RequiredPackages>
    <Units Count="3">
      <Unit0>
        <Filename Value="wikiconvert.lpr"/>
        <IsPartOfProject Value="True"/>
        <UnitName Value="wikiconvert"/>
      </Unit0>
      <Unit1>
        <Filename Value="wiki2fpdocconvert.pas"/>
        <IsPartOfProject Value="True"/>
        <UnitName Value="Wiki2FPDocConvert"/>
      </Unit1>
      <Unit2>
        <Filename Value="README.txt"/>
        <IsPartOfProject Value="True"/>
      </Unit2>
    </Units>
  </ProjectOptions>
  <CompilerOptions>
    <Version Value="11"/>
    <Target>
      <Filename Value="wikiconvert"/>
    </Target>
    <SearchPaths>
      <IncludeFiles Value="$(ProjOutDir)"/>
      <UnitOutputDirectory Value="lib/$(TargetCPU)-$(TargetOS)"/>
    </SearchPaths>
    <Other>
      <CompilerMessages>
        <MsgFileName Value=""/>
      </CompilerMessages>
      <CompilerPath Value="$(CompPath)"/>
    </Other>
  </CompilerOptions>
  <Debugging>
    <Exceptions Count="3">
      <Item1>
        <Name Value="EAbort"/>
      </Item1>
      <Item2>
        <Name Value="ECodetoolError"/>
      </Item2>
      <Item3>
        <Name Value="EFOpenError"/>
      </Item3>
    </Exceptions>
  </Debugging>
</CONFIG>
