<?xml version="1.0"?>
<CONFIG>
  <ProjectOptions>
    <Version Value="3"/>
    <General>
      <ProjectType Value="Application"/>
      <Flags>
        <SaveClosedFiles Value="False"/>
        <SaveOnlyProjectUnits Value="True"/>
      </Flags>
      <MainUnit Value="0"/>
      <ActiveEditorIndexAtStart Value="0"/>
      <IconPath Value="./"/>
      <TargetFileExt Value=""/>
      <Title Value="TV_Add_Remove"/>
    </General>
    <Units Count="2">
      <Unit0>
        <CursorPos X="6" Y="11"/>
        <Filename Value="TV_Add_Remove.dpr"/>
        <IsPartOfProject Value="True"/>
        <TopLine Value="1"/>
        <UsageCount Value="36"/>
      </Unit0>
      <Unit1>
        <CursorPos X="1" Y="98"/>
        <EditorIndex Value="0"/>
        <Filename Value="tv_add_remove_u1.pas"/>
        <ComponentName Value="Form1"/>
        <IsPartOfProject Value="True"/>
        <Loaded Value="True"/>
        <ResourceFilename Value="tv_add_remove_u1.lrs"/>
        <TopLine Value="72"/>
        <UnitName Value="TV_Add_Remove_U1"/>
        <UsageCount Value="36"/>
      </Unit1>
    </Units>
    <PublishOptions>
      <Version Value="2"/>
      <IgnoreBinaries Value="False"/>
      <IncludeFileFilter Value="*.(pas|pp|inc|lfm|lpr|lrs|lpi|lpk|sh|xml)"/>
      <ExcludeFileFilter Value="*.(bak|ppu|ppw|o|so);*~;backup"/>
    </PublishOptions>
    <RunParams>
      <local>
        <FormatVersion Value="1"/>
        <LaunchingApplication PathPlusParams="/usr/X11R6/bin/xterm -T 'Lazarus Run Output' -e $(LazarusDir)/tools/runwait.sh $(TargetCmdLine)"/>
      </local>
    </RunParams>
    <RequiredPackages Count="1">
      <Item1>
        <PackageName Value="LCL"/>
        <MinVersion Major="1" Valid="True"/>
      </Item1>
    </RequiredPackages>
  </ProjectOptions>
  <CompilerOptions>
    <Version Value="2"/>
    <SearchPaths>
      <LCLWidgetType Value="gtk"/>
      <SrcPath Value="$(LazarusDir)/lcl/;$(LazarusDir)/lcl/interfaces/$(LCLWidgetType)/"/>
    </SearchPaths>
    <CodeGeneration>
      <Generate Value="Faster"/>
    </CodeGeneration>
    <Other>
      <CompilerPath Value="$(CompPath)"/>
    </Other>
  </CompilerOptions>
</CONFIG>
