<?xml version="1.0"?>
<CONFIG>
  <ProjectOptions>
    <PathDelim Value="/"/>
    <Version Value="5"/>
    <General>
      <Flags>
        <SaveClosedFiles Value="False"/>
        <SaveOnlyProjectUnits Value="True"/>
      </Flags>
      <MainUnit Value="0"/>
      <ActiveEditorIndexAtStart Value="5"/>
      <IconPath Value="./"/>
      <TargetFileExt Value=""/>
      <Title Value="test2_1buttonnavigation"/>
    </General>
    <Units Count="1">
      <Unit0>
        <CursorPos X="14" Y="32"/>
        <EditorIndex Value="0"/>
        <Filename Value="test2_1buttonnavigation.lpr"/>
        <IsPartOfProject Value="True"/>
        <Loaded Value="True"/>
        <TopLine Value="1"/>
        <UnitName Value="test2_1buttonnavigation"/>
        <UsageCount Value="42"/>
      </Unit0>
    </Units>
    <PublishOptions>
      <Version Value="2"/>
      <IgnoreBinaries Value="False"/>
      <IncludeFileFilter Value="*.(pas|pp|inc|lfm|lpr|lrs|lpi|lpk|sh|xml)"/>
      <ExcludeFileFilter Value="*.(bak|ppu|ppw|o|so);*~;backup"/>
    </PublishOptions>
    <RunParams>
      <local>
        <FormatVersion Value="1"/>
        <LaunchingApplication PathPlusParams="/usr/X11R6/bin/xterm -T 'Lazarus Run Output' -e $(LazarusDir)/tools/runwait.sh $(TargetCmdLine)"/>
      </local>
    </RunParams>
    <RequiredPackages Count="1">
      <Item1>
        <PackageName Value="LCL"/>
      </Item1>
    </RequiredPackages>
  </ProjectOptions>
  <CompilerOptions>
    <Version Value="4"/>
    <SearchPaths>
      <LCLWidgetType Value="gtk2"/>
    </SearchPaths>
    <CodeGeneration>
      <Checks>
        <IOChecks Value="True"/>
        <RangeChecks Value="True"/>
        <OverflowChecks Value="True"/>
        <StackChecks Value="True"/>
      </Checks>
      <Generate Value="Faster"/>
    </CodeGeneration>
    <Other>
      <CompilerPath Value="$(CompPath)"/>
    </Other>
  </CompilerOptions>
</CONFIG>
