<?xml version="1.0"?>
<CONFIG>
  <ProjectOptions>
    <Version Value="7"/>
    <General>
      <Flags>
        <SaveClosedFiles Value="False"/>
        <LRSInOutputDirectory Value="False"/>
      </Flags>
      <MainUnit Value="0"/>
      <TargetFileExt Value=""/>
      <Title Value="LazReport Designer"/>
      <ActiveEditorIndexAtStart Value="0"/>
    </General>
    <i18n>
      <EnableI18N Value="True"/>
      <OutDir Value="languages"/>
    </i18n>
    <PublishOptions>
      <Version Value="2"/>
      <IgnoreBinaries Value="False"/>
      <IncludeFileFilter Value="*.(pas|pp|inc|lfm|lpr|lrs|lpi|lpk|sh|xml)"/>
      <ExcludeFileFilter Value="*.(bak|ppu|ppw|o|so);*~;backup"/>
    </PublishOptions>
    <RunParams>
      <local>
        <FormatVersion Value="1"/>
        <LaunchingApplication PathPlusParams="/usr/X11R6/bin/xterm -T 'Lazarus Run Output' -e $(LazarusDir)/tools/runwait.sh $(TargetCmdLine)"/>
      </local>
    </RunParams>
    <RequiredPackages Count="5">
      <Item1>
        <PackageName Value="Printer4Lazarus"/>
      </Item1>
      <Item2>
        <PackageName Value="LCL"/>
      </Item2>
      <Item3>
        <PackageName Value="lazreport"/>
      </Item3>
      <Item4>
        <PackageName Value="FCL"/>
        <MinVersion Major="1" Valid="True"/>
      </Item4>
      <Item5>
        <PackageName Value="DBFLaz"/>
        <MinVersion Minor="1" Release="1" Valid="True"/>
      </Item5>
    </RequiredPackages>
    <Units Count="2">
      <Unit0>
        <Filename Value="calleditorwithpkg.lpr"/>
        <IsPartOfProject Value="True"/>
        <UnitName Value="calleditorwithpkg"/>
        <CursorPos X="29" Y="10"/>
        <TopLine Value="1"/>
        <UsageCount Value="200"/>
      </Unit0>
      <Unit1>
        <Filename Value="maincalleditor.pas"/>
        <ComponentName Value="frmMain"/>
        <IsPartOfProject Value="True"/>
        <ResourceBaseClass Value="Form"/>
        <UnitName Value="maincalleditor"/>
        <CursorPos X="42" Y="167"/>
        <TopLine Value="152"/>
        <EditorIndex Value="0"/>
        <UsageCount Value="200"/>
        <Bookmarks Count="2">
          <Item0 X="3" Y="191" ID="0"/>
          <Item1 X="3" Y="322" ID="9"/>
        </Bookmarks>
        <Loaded Value="True"/>
      </Unit1>
    </Units>
    <JumpHistory Count="19" HistoryIndex="18">
      <Position1>
        <Filename Value="maincalleditor.pas"/>
        <Caret Line="56" Column="17" TopLine="55"/>
      </Position1>
      <Position2>
        <Filename Value="maincalleditor.pas"/>
        <Caret Line="48" Column="17" TopLine="47"/>
      </Position2>
      <Position3>
        <Filename Value="maincalleditor.pas"/>
        <Caret Line="86" Column="52" TopLine="85"/>
      </Position3>
      <Position4>
        <Filename Value="maincalleditor.pas"/>
        <Caret Line="99" Column="69" TopLine="98"/>
      </Position4>
      <Position5>
        <Filename Value="maincalleditor.pas"/>
        <Caret Line="102" Column="29" TopLine="86"/>
      </Position5>
      <Position6>
        <Filename Value="maincalleditor.pas"/>
        <Caret Line="297" Column="18" TopLine="284"/>
      </Position6>
      <Position7>
        <Filename Value="maincalleditor.pas"/>
        <Caret Line="296" Column="13" TopLine="284"/>
      </Position7>
      <Position8>
        <Filename Value="maincalleditor.pas"/>
        <Caret Line="304" Column="5" TopLine="296"/>
      </Position8>
      <Position9>
        <Filename Value="maincalleditor.pas"/>
        <Caret Line="186" Column="3" TopLine="184"/>
      </Position9>
      <Position10>
        <Filename Value="maincalleditor.pas"/>
        <Caret Line="231" Column="13" TopLine="228"/>
      </Position10>
      <Position11>
        <Filename Value="maincalleditor.pas"/>
        <Caret Line="186" Column="65" TopLine="173"/>
      </Position11>
      <Position12>
        <Filename Value="maincalleditor.pas"/>
        <Caret Line="188" Column="21" TopLine="173"/>
      </Position12>
      <Position13>
        <Filename Value="maincalleditor.pas"/>
        <Caret Line="192" Column="16" TopLine="173"/>
      </Position13>
      <Position14>
        <Filename Value="maincalleditor.pas"/>
        <Caret Line="202" Column="19" TopLine="176"/>
      </Position14>
      <Position15>
        <Filename Value="maincalleditor.pas"/>
        <Caret Line="304" Column="39" TopLine="278"/>
      </Position15>
      <Position16>
        <Filename Value="maincalleditor.pas"/>
        <Caret Line="87" Column="35" TopLine="87"/>
      </Position16>
      <Position17>
        <Filename Value="maincalleditor.pas"/>
        <Caret Line="324" Column="48" TopLine="305"/>
      </Position17>
      <Position18>
        <Filename Value="maincalleditor.pas"/>
        <Caret Line="141" Column="14" TopLine="130"/>
      </Position18>
      <Position19>
        <Filename Value="maincalleditor.pas"/>
        <Caret Line="169" Column="42" TopLine="149"/>
      </Position19>
    </JumpHistory>
  </ProjectOptions>
  <CompilerOptions>
    <Version Value="8"/>
    <SearchPaths>
      <SrcPath Value="$(LazarusDir)/lcl/;$(LazarusDir)/lcl/interfaces/$(LCLWidgetType)/"/>
    </SearchPaths>
    <Other>
      <CompilerPath Value="$(CompPath)"/>
    </Other>
  </CompilerOptions>
  <Debugging>
    <Watches Count="5">
      <Item1>
        <Expression Value="FieldDef.FDataType"/>
        <Enabled Value="False"/>
      </Item1>
      <Item2>
        <Expression Value="FieldDef.FSize"/>
        <Enabled Value="False"/>
      </Item2>
      <Item3>
        <Expression Value="IsSeq"/>
        <Enabled Value="False"/>
      </Item3>
      <Item4>
        <Expression Value="TIBCURSOR(CURSOR).SQLDA^"/>
        <Enabled Value="False"/>
      </Item4>
      <Item5>
        <Expression Value="x"/>
      </Item5>
    </Watches>
  </Debugging>
</CONFIG>
