<?xml version="1.0" encoding="UTF-8"?>
<CONFIG>
  <ProjectOptions>
    <Version Value="9"/>
    <PathDelim Value="\"/>
    <General>
      <SessionStorage Value="InProjectDir"/>
      <MainUnit Value="0"/>
      <Title Value="FpTest"/>
      <ResourceType Value="res"/>
      <UseXPManifest Value="True"/>
      <Icon Value="0"/>
    </General>
    <i18n>
      <EnableI18N LFM="False"/>
    </i18n>
    <VersionInfo>
      <StringTable ProductVersion=""/>
    </VersionInfo>
    <BuildModes Count="1">
      <Item1 Name="Default" Default="True"/>
    </BuildModes>
    <PublishOptions>
      <Version Value="2"/>
    </PublishOptions>
    <RunParams>
      <local>
        <FormatVersion Value="1"/>
      </local>
    </RunParams>
    <RequiredPackages Count="5">
      <Item1>
        <PackageName Value="DebuggerIntf"/>
      </Item1>
      <Item2>
        <PackageName Value="fpdebug"/>
      </Item2>
      <Item3>
        <PackageName Value="FPCUnitTestRunner"/>
      </Item3>
      <Item4>
        <PackageName Value="LCL"/>
      </Item4>
      <Item5>
        <PackageName Value="FCL"/>
      </Item5>
    </RequiredPackages>
    <Units Count="9">
      <Unit0>
        <Filename Value="FpTest.lpr"/>
        <IsPartOfProject Value="True"/>
        <UnitName Value="FpTest"/>
      </Unit0>
      <Unit1>
        <Filename Value="testtypeinfo.pas"/>
        <IsPartOfProject Value="True"/>
        <UnitName Value="TestTypeInfo"/>
      </Unit1>
      <Unit2>
        <Filename Value="testhelperclasses.pas"/>
        <IsPartOfProject Value="True"/>
        <UnitName Value="TestHelperClasses"/>
      </Unit2>
      <Unit3>
        <Filename Value="testdwarfsetup1.pas"/>
        <IsPartOfProject Value="True"/>
        <UnitName Value="TestDwarfSetup1"/>
      </Unit3>
      <Unit4>
        <Filename Value="testdwarfsetupbasic.pas"/>
        <IsPartOfProject Value="True"/>
        <UnitName Value="TestDwarfSetupBasic"/>
      </Unit4>
      <Unit5>
        <Filename Value="testdwarfvarious.pas"/>
        <IsPartOfProject Value="True"/>
        <UnitName Value="TestDwarfVarious"/>
      </Unit5>
      <Unit6>
        <Filename Value="testdwarfsetuparray.pas"/>
        <IsPartOfProject Value="True"/>
        <UnitName Value="TestDwarfSetupArray"/>
      </Unit6>
      <Unit7>
        <Filename Value="testmemmanager.pas"/>
        <IsPartOfProject Value="True"/>
        <UnitName Value="TestMemManager"/>
      </Unit7>
      <Unit8>
        <Filename Value="testpascalparser.pas"/>
        <IsPartOfProject Value="True"/>
        <UnitName Value="TestPascalParser"/>
      </Unit8>
    </Units>
  </ProjectOptions>
  <CompilerOptions>
    <Version Value="11"/>
    <PathDelim Value="\"/>
    <SearchPaths>
      <IncludeFiles Value="$(ProjOutDir)"/>
      <UnitOutputDirectory Value="lib\$(TargetCPU)-$(TargetOS)"/>
    </SearchPaths>
    <Other>
      <CompilerMessages>
        <MsgFileName Value=""/>
      </CompilerMessages>
      <CompilerPath Value="$(CompPath)"/>
    </Other>
  </CompilerOptions>
  <Debugging>
    <Exceptions Count="3">
      <Item1>
        <Name Value="EAbort"/>
      </Item1>
      <Item2>
        <Name Value="ECodetoolError"/>
      </Item2>
      <Item3>
        <Name Value="EFOpenError"/>
      </Item3>
    </Exceptions>
  </Debugging>
</CONFIG>
