<?xml version="1.0"?>
<CONFIG>
  <ProjectOptions>
    <PathDelim Value="\"/>
    <Version Value="5"/>
    <General>
      <MainUnit Value="0"/>
      <IconPath Value="./"/>
      <TargetFileExt Value=".exe"/>
      <ActiveEditorIndexAtStart Value="0"/>
    </General>
    <VersionInfo>
      <ProjectVersion Value=""/>
      <Language Value=""/>
      <CharSet Value=""/>
    </VersionInfo>
    <PublishOptions>
      <Version Value="2"/>
      <IgnoreBinaries Value="False"/>
      <IncludeFileFilter Value="*.(pas|pp|inc|lfm|lpr|lrs|lpi|lpk|sh|xml)"/>
      <ExcludeFileFilter Value="*.(bak|ppu|ppw|o|so);*~;backup"/>
    </PublishOptions>
    <RunParams>
      <local>
        <FormatVersion Value="1"/>
        <LaunchingApplication PathPlusParams="/usr/X11R6/bin/xterm -T 'Lazarus Run Output' -e $(LazarusDir)/tools/runwait.sh $(TargetCmdLine)"/>
      </local>
    </RunParams>
    <RequiredPackages Count="4">
      <Item1>
        <PackageName Value="lnetbase"/>
      </Item1>
      <Item2>
        <PackageName Value="LCL"/>
      </Item2>
      <Item3>
        <PackageName Value="FPCUnitTestRunner"/>
      </Item3>
      <Item4>
        <PackageName Value="FCL"/>
      </Item4>
    </RequiredPackages>
    <Units Count="14">
      <Unit0>
        <Filename Value="checksnapshotsgui.lpr"/>
        <IsPartOfProject Value="True"/>
        <UnitName Value="checksnapshotsgui"/>
        <CursorPos X="21" Y="14"/>
        <TopLine Value="1"/>
        <EditorIndex Value="0"/>
        <UsageCount Value="127"/>
        <Loaded Value="True"/>
      </Unit0>
      <Unit1>
        <Filename Value="..\..\components\fpcunit\guitestrunner.pas"/>
        <UnitName Value="GuiTestRunner"/>
        <CursorPos X="3" Y="38"/>
        <TopLine Value="20"/>
        <EditorIndex Value="6"/>
        <UsageCount Value="63"/>
        <Loaded Value="True"/>
      </Unit1>
      <Unit2>
        <Filename Value="..\..\..\fpc\2.1\compiler\systems\i_linux.pas"/>
        <UnitName Value="i_linux"/>
        <CursorPos X="44" Y="477"/>
        <TopLine Value="527"/>
        <EditorIndex Value="7"/>
        <UsageCount Value="63"/>
        <Loaded Value="True"/>
      </Unit2>
      <Unit3>
        <Filename Value="..\..\ide\buildlazdialog.pas"/>
        <UnitName Value="BuildLazDialog"/>
        <CursorPos X="44" Y="496"/>
        <TopLine Value="478"/>
        <EditorIndex Value="8"/>
        <UsageCount Value="63"/>
        <Loaded Value="True"/>
      </Unit3>
      <Unit4>
        <Filename Value="monitorcfg.pas"/>
        <UnitName Value="MonitorCfg"/>
        <CursorPos X="1" Y="131"/>
        <TopLine Value="107"/>
        <EditorIndex Value="9"/>
        <UsageCount Value="63"/>
        <Loaded Value="True"/>
      </Unit4>
      <Unit5>
        <Filename Value="testmonitorcfg.pas"/>
        <UnitName Value="TestMonitorCfg"/>
        <CursorPos X="32" Y="32"/>
        <TopLine Value="8"/>
        <EditorIndex Value="12"/>
        <UsageCount Value="63"/>
        <Loaded Value="True"/>
      </Unit5>
      <Unit6>
        <Filename Value="monitorconfig.xml"/>
        <CursorPos X="82" Y="16"/>
        <TopLine Value="1"/>
        <EditorIndex Value="10"/>
        <UsageCount Value="63"/>
        <Loaded Value="True"/>
        <SyntaxHighlighter Value="XML"/>
      </Unit6>
      <Unit7>
        <Filename Value="..\..\lcl\include\customform.inc"/>
        <CursorPos X="8" Y="1064"/>
        <TopLine Value="1044"/>
        <EditorIndex Value="11"/>
        <UsageCount Value="63"/>
        <Loaded Value="True"/>
      </Unit7>
      <Unit8>
        <Filename Value="..\..\lcl\lresources.pp"/>
        <UnitName Value="LResources"/>
        <CursorPos X="1" Y="2607"/>
        <TopLine Value="2589"/>
        <EditorIndex Value="13"/>
        <UsageCount Value="23"/>
        <Loaded Value="True"/>
      </Unit8>
      <Unit9>
        <Filename Value="checksnapshots.lpr"/>
        <UnitName Value="checksnapshots"/>
        <CursorPos X="1" Y="8"/>
        <TopLine Value="1"/>
        <EditorIndex Value="4"/>
        <UsageCount Value="23"/>
        <Loaded Value="True"/>
      </Unit9>
      <Unit10>
        <Filename Value="snapshotsuptodate.pas"/>
        <UnitName Value="SnapshotsUptodate"/>
        <CursorPos X="47" Y="8"/>
        <TopLine Value="5"/>
        <EditorIndex Value="1"/>
        <UsageCount Value="23"/>
        <Loaded Value="True"/>
      </Unit10>
      <Unit11>
        <Filename Value="ftplister.pas"/>
        <UnitName Value="ftplister"/>
        <CursorPos X="28" Y="91"/>
        <TopLine Value="63"/>
        <EditorIndex Value="2"/>
        <UsageCount Value="23"/>
        <Loaded Value="True"/>
      </Unit11>
      <Unit12>
        <Filename Value="..\..\..\fpc\2.1\rtl\objpas\sysutils\dati.inc"/>
        <CursorPos X="1" Y="489"/>
        <TopLine Value="471"/>
        <EditorIndex Value="3"/>
        <UsageCount Value="23"/>
        <Loaded Value="True"/>
      </Unit12>
      <Unit13>
        <Filename Value="ftplistertest.pas"/>
        <UnitName Value="ftplistertest"/>
        <CursorPos X="25" Y="60"/>
        <TopLine Value="45"/>
        <EditorIndex Value="5"/>
        <UsageCount Value="15"/>
        <Loaded Value="True"/>
      </Unit13>
    </Units>
    <JumpHistory Count="9" HistoryIndex="8">
      <Position1>
        <Filename Value="checksnapshots.lpr"/>
        <Caret Line="7" Column="28" TopLine="1"/>
      </Position1>
      <Position2>
        <Filename Value="ftplister.pas"/>
        <Caret Line="145" Column="1" TopLine="130"/>
      </Position2>
      <Position3>
        <Filename Value="ftplister.pas"/>
        <Caret Line="25" Column="32" TopLine="6"/>
      </Position3>
      <Position4>
        <Filename Value="checksnapshotsgui.lpr"/>
        <Caret Line="8" Column="1" TopLine="1"/>
      </Position4>
      <Position5>
        <Filename Value="ftplister.pas"/>
        <Caret Line="59" Column="16" TopLine="61"/>
      </Position5>
      <Position6>
        <Filename Value="ftplister.pas"/>
        <Caret Line="85" Column="10" TopLine="67"/>
      </Position6>
      <Position7>
        <Filename Value="ftplister.pas"/>
        <Caret Line="91" Column="16" TopLine="73"/>
      </Position7>
      <Position8>
        <Filename Value="checksnapshotsgui.lpr"/>
        <Caret Line="8" Column="1" TopLine="1"/>
      </Position8>
      <Position9>
        <Filename Value="checksnapshotsgui.lpr"/>
        <Caret Line="7" Column="28" TopLine="1"/>
      </Position9>
    </JumpHistory>
  </ProjectOptions>
  <CompilerOptions>
    <Version Value="5"/>
    <PathDelim Value="\"/>
    <CodeGeneration>
      <Generate Value="Faster"/>
    </CodeGeneration>
    <Other>
      <CompilerPath Value="$(CompPath)"/>
    </Other>
  </CompilerOptions>
  <Debugging>
    <Watches Count="1">
      <Item1>
        <Expression Value="name"/>
      </Item1>
    </Watches>
    <Exceptions Count="1">
      <Item1>
        <Name Value="EAssertionFailedError"/>
      </Item1>
    </Exceptions>
  </Debugging>
</CONFIG>
